PODS:
  - OrkaPrism (1.0.0):
    - OrkaPrism/Button (= 1.0.0)
  - OrkaPrism/Button (1.0.0):
    - OrkaPrism/Button/Loader (= 1.0.0)
    - "OrkaPrism/Button/Loader+Demo (= 1.0.0)"
  - OrkaPrism/Button/Loader (1.0.0)
  - "OrkaPrism/Button/Loader+Demo (1.0.0)"

DEPENDENCIES:
  - OrkaPrism (from `./`)

EXTERNAL SOURCES:
  OrkaPrism:
    :path: "./"

SPEC CHECKSUMS:
  OrkaPrism: 638219c520d9ef8c8c3b0741dc91d06a954a43e7

PODFILE CHECKSUM: 8301dfd07c269cf9e943f91efe612d681a486090

COCOAPODS: 1.11.3
